// !$*UTF8*$!
{
	archiveVersion = 1;
	classes = {
	};
	objectVersion = 46;
	objects = {

/* Begin PBXBuildFile section */
		18CE92E31CA6EDB2009BEA95 /* AppDelegate.swift in Sources */ = {isa = PBXBuildFile; fileRef = 18CE92E21CA6EDB2009BEA95 /* AppDelegate.swift */; };
		18CE92E51CA6EDB2009BEA95 /* RecordSoundsViewController.swift in Sources */ = {isa = PBXBuildFile; fileRef = 18CE92E41CA6EDB2009BEA95 /* RecordSoundsViewController.swift */; };
		18CE92E81CA6EDB2009BEA95 /* Main.storyboard in Resources */ = {isa = PBXBuildFile; fileRef = 18CE92E61CA6EDB2009BEA95 /* Main.storyboard */; };
		18CE92EA1CA6EDB2009BEA95 /* Assets.xcassets in Resources */ = {isa = PBXBuildFile; fileRef = 18CE92E91CA6EDB2009BEA95 /* Assets.xcassets */; };
		18CE92ED1CA6EDB2009BEA95 /* LaunchScreen.storyboard in Resources */ = {isa = PBXBuildFile; fileRef = 18CE92EB1CA6EDB2009BEA95 /* LaunchScreen.storyboard */; };
		18CE92F81CA6EDB2009BEA95 /* PitchPerfectTests.swift in Sources */ = {isa = PBXBuildFile; fileRef = 18CE92F71CA6EDB2009BEA95 /* PitchPerfectTests.swift */; };
		18CE93031CA6EDB2009BEA95 /* PitchPerfectUITests.swift in Sources */ = {isa = PBXBuildFile; fileRef = 18CE93021CA6EDB2009BEA95 /* PitchPerfectUITests.swift */; };
		18CE93111CA88AA1009BEA95 /* PlaySoundsViewController.swift in Sources */ = {isa = PBXBuildFile; fileRef = 18CE93101CA88AA1009BEA95 /* PlaySoundsViewController.swift */; };
		18CE93131CAA1938009BEA95 /* PlaySoundsViewController+Audio.swift in Sources */ = {isa = PBXBuildFile; fileRef = 18CE93121CAA1938009BEA95 /* PlaySoundsViewController+Audio.swift */; };
/* End PBXBuildFile section */

/* Begin PBXContainerItemProxy section */
		18CE92F41CA6EDB2009BEA95 /* PBXContainerItemProxy */ = {
			isa = PBXContainerItemProxy;
			containerPortal = 18CE92D71CA6EDB2009BEA95 /* Project object */;
			proxyType = 1;
			remoteGlobalIDString = 18CE92DE1CA6EDB2009BEA95;
			remoteInfo = PitchPerfect;
		};
		18CE92FF1CA6EDB2009BEA95 /* PBXContainerItemProxy */ = {
			isa = PBXContainerItemProxy;
			containerPortal = 18CE92D71CA6EDB2009BEA95 /* Project object */;
			proxyType = 1;
			remoteGlobalIDString = 18CE92DE1CA6EDB2009BEA95;
			remoteInfo = PitchPerfect;
		};
/* End PBXContainerItemProxy section */

/* Begin PBXFileReference section */
		18CE92DF1CA6EDB2009BEA95 /* PitchPerfect.app */ = {isa = PBXFileReference; explicitFileType = wrapper.application; includeInIndex = 0; path = PitchPerfect.app; sourceTree = BUILT_PRODUCTS_DIR; };
		18CE92E21CA6EDB2009BEA95 /* AppDelegate.swift */ = {isa = PBXFileReference; lastKnownFileType = sourcecode.swift; path = AppDelegate.swift; sourceTree = "<group>"; };
		18CE92E41CA6EDB2009BEA95 /* RecordSoundsViewController.swift */ = {isa = PBXFileReference; lastKnownFileType = sourcecode.swift; path = RecordSoundsViewController.swift; sourceTree = "<group>"; };
		18CE92E71CA6EDB2009BEA95 /* Base */ = {isa = PBXFileReference; lastKnownFileType = file.storyboard; name = Base; path = Base.lproj/Main.storyboard; sourceTree = "<group>"; };
		18CE92E91CA6EDB2009BEA95 /* Assets.xcassets */ = {isa = PBXFileReference; lastKnownFileType = folder.assetcatalog; path = Assets.xcassets; sourceTree = "<group>"; };
		18CE92EC1CA6EDB2009BEA95 /* Base */ = {isa = PBXFileReference; lastKnownFileType = file.storyboard; name = Base; path = Base.lproj/LaunchScreen.storyboard; sourceTree = "<group>"; };
		18CE92EE1CA6EDB2009BEA95 /* Info.plist */ = {isa = PBXFileReference; lastKnownFileType = text.plist.xml; path = Info.plist; sourceTree = "<group>"; };
		18CE92F31CA6EDB2009BEA95 /* PitchPerfectTests.xctest */ = {isa = PBXFileReference; explicitFileType = wrapper.cfbundle; includeInIndex = 0; path = PitchPerfectTests.xctest; sourceTree = BUILT_PRODUCTS_DIR; };
		18CE92F71CA6EDB2009BEA95 /* PitchPerfectTests.swift */ = {isa = PBXFileReference; lastKnownFileType = sourcecode.swift; path = PitchPerfectTests.swift; sourceTree = "<group>"; };
		18CE92F91CA6EDB2009BEA95 /* Info.plist */ = {isa = PBXFileReference; lastKnownFileType = text.plist.xml; path = Info.plist; sourceTree = "<group>"; };
		18CE92FE1CA6EDB2009BEA95 /* PitchPerfectUITests.xctest */ = {isa = PBXFileReference; explicitFileType = wrapper.cfbundle; includeInIndex = 0; path = PitchPerfectUITests.xctest; sourceTree = BUILT_PRODUCTS_DIR; };
		18CE93021CA6EDB2009BEA95 /* PitchPerfectUITests.swift */ = {isa = PBXFileReference; lastKnownFileType = sourcecode.swift; path = PitchPerfectUITests.swift; sourceTree = "<group>"; };
		18CE93041CA6EDB2009BEA95 /* Info.plist */ = {isa = PBXFileReference; lastKnownFileType = text.plist.xml; path = Info.plist; sourceTree = "<group>"; };
		18CE93101CA88AA1009BEA95 /* PlaySoundsViewController.swift */ = {isa = PBXFileReference; fileEncoding = 4; lastKnownFileType = sourcecode.swift; path = PlaySoundsViewController.swift; sourceTree = "<group>"; };
		18CE93121CAA1938009BEA95 /* PlaySoundsViewController+Audio.swift */ = {isa = PBXFileReference; fileEncoding = 4; lastKnownFileType = sourcecode.swift; path = "PlaySoundsViewController+Audio.swift"; sourceTree = "<group>"; };
/* End PBXFileReference section */

/* Begin PBXFrameworksBuildPhase section */
		18CE92DC1CA6EDB2009BEA95 /* Frameworks */ = {
			isa = PBXFrameworksBuildPhase;
			buildActionMask = 2147483647;
			files = (
			);
			runOnlyForDeploymentPostprocessing = 0;
		};
		18CE92F01CA6EDB2009BEA95 /* Frameworks */ = {
			isa = PBXFrameworksBuildPhase;
			buildActionMask = 2147483647;
			files = (
			);
			runOnlyForDeploymentPostprocessing = 0;
		};
		18CE92FB1CA6EDB2009BEA95 /* Frameworks */ = {
			isa = PBXFrameworksBuildPhase;
			buildActionMask = 2147483647;
			files = (
			);
			runOnlyForDeploymentPostprocessing = 0;
		};
/* End PBXFrameworksBuildPhase section */

/* Begin PBXGroup section */
		18CE92D61CA6EDB2009BEA95 = {
			isa = PBXGroup;
			children = (
				18CE92E11CA6EDB2009BEA95 /* PitchPerfect */,
				18CE92F61CA6EDB2009BEA95 /* PitchPerfectTests */,
				18CE93011CA6EDB2009BEA95 /* PitchPerfectUITests */,
				18CE92E01CA6EDB2009BEA95 /* Products */,
			);
			sourceTree = "<group>";
		};
		18CE92E01CA6EDB2009BEA95 /* Products */ = {
			isa = PBXGroup;
			children = (
				18CE92DF1CA6EDB2009BEA95 /* PitchPerfect.app */,
				18CE92F31CA6EDB2009BEA95 /* PitchPerfectTests.xctest */,
				18CE92FE1CA6EDB2009BEA95 /* PitchPerfectUITests.xctest */,
			);
			name = Products;
			sourceTree = "<group>";
		};
		18CE92E11CA6EDB2009BEA95 /* PitchPerfect */ = {
			isa = PBXGroup;
			children = (
				18CE92E21CA6EDB2009BEA95 /* AppDelegate.swift */,
				18CE92E41CA6EDB2009BEA95 /* RecordSoundsViewController.swift */,
				18CE92E61CA6EDB2009BEA95 /* Main.storyboard */,
				18CE93101CA88AA1009BEA95 /* PlaySoundsViewController.swift */,
				18CE92E91CA6EDB2009BEA95 /* Assets.xcassets */,
				18CE92EB1CA6EDB2009BEA95 /* LaunchScreen.storyboard */,
				18CE92EE1CA6EDB2009BEA95 /* Info.plist */,
				18CE93121CAA1938009BEA95 /* PlaySoundsViewController+Audio.swift */,
			);
			path = PitchPerfect;
			sourceTree = "<group>";
		};
		18CE92F61CA6EDB2009BEA95 /* PitchPerfectTests */ = {
			isa = PBXGroup;
			children = (
				18CE92F71CA6EDB2009BEA95 /* PitchPerfectTests.swift */,
				18CE92F91CA6EDB2009BEA95 /* Info.plist */,
			);
			path = PitchPerfectTests;
			sourceTree = "<group>";
		};
		18CE93011CA6EDB2009BEA95 /* PitchPerfectUITests */ = {
			isa = PBXGroup;
			children = (
				18CE93021CA6EDB2009BEA95 /* PitchPerfectUITests.swift */,
				18CE93041CA6EDB2009BEA95 /* Info.plist */,
			);
			path = PitchPerfectUITests;
			sourceTree = "<group>";
		};
/* End PBXGroup section */

/* Begin PBXNativeTarget section */
		18CE92DE1CA6EDB2009BEA95 /* PitchPerfect */ = {
			isa = PBXNativeTarget;
			buildConfigurationList = 18CE93071CA6EDB2009BEA95 /* Build configuration list for PBXNativeTarget "PitchPerfect" */;
			buildPhases = (
				18CE92DB1CA6EDB2009BEA95 /* Sources */,
				18CE92DC1CA6EDB2009BEA95 /* Frameworks */,
				18CE92DD1CA6EDB2009BEA95 /* Resources */,
			);
			buildRules = (
			);
			dependencies = (
			);
			name = PitchPerfect;
			productName = PitchPerfect;
			productReference = 18CE92DF1CA6EDB2009BEA95 /* PitchPerfect.app */;
			productType = "com.apple.product-type.application";
		};
		18CE92F21CA6EDB2009BEA95 /* PitchPerfectTests */ = {
			isa = PBXNativeTarget;
			buildConfigurationList = 18CE930A1CA6EDB2009BEA95 /* Build configuration list for PBXNativeTarget "PitchPerfectTests" */;
			buildPhases = (
				18CE92EF1CA6EDB2009BEA95 /* Sources */,
				18CE92F01CA6EDB2009BEA95 /* Frameworks */,
				18CE92F11CA6EDB2009BEA95 /* Resources */,
			);
			buildRules = (
			);
			dependencies = (
				18CE92F51CA6EDB2009BEA95 /* PBXTargetDependency */,
			);
			name = PitchPerfectTests;
			productName = PitchPerfectTests;
			productReference = 18CE92F31CA6EDB2009BEA95 /* PitchPerfectTests.xctest */;
			productType = "com.apple.product-type.bundle.unit-test";
		};
		18CE92FD1CA6EDB2009BEA95 /* PitchPerfectUITests */ = {
			isa = PBXNativeTarget;
			buildConfigurationList = 18CE930D1CA6EDB2009BEA95 /* Build configuration list for PBXNativeTarget "PitchPerfectUITests" */;
			buildPhases = (
				18CE92FA1CA6EDB2009BEA95 /* Sources */,
				18CE92FB1CA6EDB2009BEA95 /* Frameworks */,
				18CE92FC1CA6EDB2009BEA95 /* Resources */,
			);
			buildRules = (
			);
			dependencies = (
				18CE93001CA6EDB2009BEA95 /* PBXTargetDependency */,
			);
			name = PitchPerfectUITests;
			productName = PitchPerfectUITests;
			productReference = 18CE92FE1CA6EDB2009BEA95 /* PitchPerfectUITests.xctest */;
			productType = "com.apple.product-type.bundle.ui-testing";
		};
/* End PBXNativeTarget section */

/* Begin PBXProject section */
		18CE92D71CA6EDB2009BEA95 /* Project object */ = {
			isa = PBXProject;
			attributes = {
				LastSwiftUpdateCheck = 0730;
				LastUpgradeCheck = 0730;
				ORGANIZATIONNAME = Jerod;
				TargetAttributes = {
					18CE92DE1CA6EDB2009BEA95 = {
						CreatedOnToolsVersion = 7.3;
					};
					18CE92F21CA6EDB2009BEA95 = {
						CreatedOnToolsVersion = 7.3;
						TestTargetID = 18CE92DE1CA6EDB2009BEA95;
					};
					18CE92FD1CA6EDB2009BEA95 = {
						CreatedOnToolsVersion = 7.3;
						TestTargetID = 18CE92DE1CA6EDB2009BEA95;
					};
				};
			};
			buildConfigurationList = 18CE92DA1CA6EDB2009BEA95 /* Build configuration list for PBXProject "PitchPerfect" */;
			compatibilityVersion = "Xcode 3.2";
			developmentRegion = English;
			hasScannedForEncodings = 0;
			knownRegions = (
				en,
				Base,
			);
			mainGroup = 18CE92D61CA6EDB2009BEA95;
			productRefGroup = 18CE92E01CA6EDB2009BEA95 /* Products */;
			projectDirPath = "";
			projectRoot = "";
			targets = (
				18CE92DE1CA6EDB2009BEA95 /* PitchPerfect */,
				18CE92F21CA6EDB2009BEA95 /* PitchPerfectTests */,
				18CE92FD1CA6EDB2009BEA95 /* PitchPerfectUITests */,
			);
		};
/* End PBXProject section */

/* Begin PBXResourcesBuildPhase section */
		18CE92DD1CA6EDB2009BEA95 /* Resources */ = {
			isa = PBXResourcesBuildPhase;
			buildActionMask = 2147483647;
			files = (
				18CE92ED1CA6EDB2009BEA95 /* LaunchScreen.storyboard in Resources */,
				18CE92EA1CA6EDB2009BEA95 /* Assets.xcassets in Resources */,
				18CE92E81CA6EDB2009BEA95 /* Main.storyboard in Resources */,
			);
			runOnlyForDeploymentPostprocessing = 0;
		};
		18CE92F11CA6EDB2009BEA95 /* Resources */ = {
			isa = PBXResourcesBuildPhase;
			buildActionMask = 2147483647;
			files = (
			);
			runOnlyForDeploymentPostprocessing = 0;
		};
		18CE92FC1CA6EDB2009BEA95 /* Resources */ = {
			isa = PBXResourcesBuildPhase;
			buildActionMask = 2147483647;
			files = (
			);
			runOnlyForDeploymentPostprocessing = 0;
		};
/* End PBXResourcesBuildPhase section */

/* Begin PBXSourcesBuildPhase section */
		18CE92DB1CA6EDB2009BEA95 /* Sources */ = {
			isa = PBXSourcesBuildPhase;
			buildActionMask = 2147483647;
			files = (
				18CE92E51CA6EDB2009BEA95 /* RecordSoundsViewController.swift in Sources */,
				18CE93131CAA1938009BEA95 /* PlaySoundsViewController+Audio.swift in Sources */,
				18CE93111CA88AA1009BEA95 /* PlaySoundsViewController.swift in Sources */,
				18CE92E31CA6EDB2009BEA95 /* AppDelegate.swift in Sources */,
			);
			runOnlyForDeploymentPostprocessing = 0;
		};
		18CE92EF1CA6EDB2009BEA95 /* Sources */ = {
			isa = PBXSourcesBuildPhase;
			buildActionMask = 2147483647;
			files = (
				18CE92F81CA6EDB2009BEA95 /* PitchPerfectTests.swift in Sources */,
			);
			runOnlyForDeploymentPostprocessing = 0;
		};
		18CE92FA1CA6EDB2009BEA95 /* Sources */ = {
			isa = PBXSourcesBuildPhase;
			buildActionMask = 2147483647;
			files = (
				18CE93031CA6EDB2009BEA95 /* PitchPerfectUITests.swift in Sources */,
			);
			runOnlyForDeploymentPostprocessing = 0;
		};
/* End PBXSourcesBuildPhase section */

/* Begin PBXTargetDependency section */
		18CE92F51CA6EDB2009BEA95 /* PBXTargetDependency */ = {
			isa = PBXTargetDependency;
			target = 18CE92DE1CA6EDB2009BEA95 /* PitchPerfect */;
			targetProxy = 18CE92F41CA6EDB2009BEA95 /* PBXContainerItemProxy */;
		};
		18CE93001CA6EDB2009BEA95 /* PBXTargetDependency */ = {
			isa = PBXTargetDependency;
			target = 18CE92DE1CA6EDB2009BEA95 /* PitchPerfect */;
			targetProxy = 18CE92FF1CA6EDB2009BEA95 /* PBXContainerItemProxy */;
		};
/* End PBXTargetDependency section */

/* Begin PBXVariantGroup section */
		18CE92E61CA6EDB2009BEA95 /* Main.storyboard */ = {
			isa = PBXVariantGroup;
			children = (
				18CE92E71CA6EDB2009BEA95 /* Base */,
			);
			name = Main.storyboard;
			sourceTree = "<group>";
		};
		18CE92EB1CA6EDB2009BEA95 /* LaunchScreen.storyboard */ = {
			isa = PBXVariantGroup;
			children = (
				18CE92EC1CA6EDB2009BEA95 /* Base */,
			);
			name = LaunchScreen.storyboard;
			sourceTree = "<group>";
		};
/* End PBXVariantGroup section */

/* Begin XCBuildConfiguration section */
		18CE93051CA6EDB2009BEA95 /* Debug */ = {
			isa = XCBuildConfiguration;
			buildSettings = {
				ALWAYS_SEARCH_USER_PATHS = NO;
				CLANG_ANALYZER_NONNULL = YES;
				CLANG_CXX_LANGUAGE_STANDARD = "gnu++0x";
				CLANG_CXX_LIBRARY = "libc++";
				CLANG_ENABLE_MODULES = YES;
				CLANG_ENABLE_OBJC_ARC = YES;
				CLANG_WARN_BOOL_CONVERSION = YES;
				CLANG_WARN_CONSTANT_CONVERSION = YES;
				CLANG_WARN_DIRECT_OBJC_ISA_USAGE = YES_ERROR;
				CLANG_WARN_EMPTY_BODY = YES;
				CLANG_WARN_ENUM_CONVERSION = YES;
				CLANG_WARN_INT_CONVERSION = YES;
				CLANG_WARN_OBJC_ROOT_CLASS = YES_ERROR;
				CLANG_WARN_UNREACHABLE_CODE = YES;
				CLANG_WARN__DUPLICATE_METHOD_MATCH = YES;
				"CODE_SIGN_IDENTITY[sdk=iphoneos*]" = "iPhone Developer";
				COPY_PHASE_STRIP = NO;
				DEBUG_INFORMATION_FORMAT = dwarf;
				ENABLE_STRICT_OBJC_MSGSEND = YES;
				ENABLE_TESTABILITY = YES;
				GCC_C_LANGUAGE_STANDARD = gnu99;
				GCC_DYNAMIC_NO_PIC = NO;
				GCC_NO_COMMON_BLOCKS = YES;
				GCC_OPTIMIZATION_LEVEL = 0;
				GCC_PREPROCESSOR_DEFINITIONS = (
					"DEBUG=1",
					"$(inherited)",
				);
				GCC_WARN_64_TO_32_BIT_CONVERSION = YES;
				GCC_WARN_ABOUT_RETURN_TYPE = YES_ERROR;
				GCC_WARN_UNDECLARED_SELECTOR = YES;
				GCC_WARN_UNINITIALIZED_AUTOS = YES_AGGRESSIVE;
				GCC_WARN_UNUSED_FUNCTION = YES;
				GCC_WARN_UNUSED_VARIABLE = YES;
				IPHONEOS_DEPLOYMENT_TARGET = 9.3;
				MTL_ENABLE_DEBUG_INFO = YES;
				ONLY_ACTIVE_ARCH = YES;
				SDKROOT = iphoneos;
				SWIFT_OPTIMIZATION_LEVEL = "-Onone";
				TARGETED_DEVICE_FAMILY = "1,2";
			};
			name = Debug;
		};
		18CE93061CA6EDB2009BEA95 /* Release */ = {
			isa = XCBuildConfiguration;
			buildSettings = {
				ALWAYS_SEARCH_USER_PATHS = NO;
				CLANG_ANALYZER_NONNULL = YES;
				CLANG_CXX_LANGUAGE_STANDARD = "gnu++0x";
				CLANG_CXX_LIBRARY = "libc++";
				CLANG_ENABLE_MODULES = YES;
				CLANG_ENABLE_OBJC_ARC = YES;
				CLANG_WARN_BOOL_CONVERSION = YES;
				CLANG_WARN_CONSTANT_CONVERSION = YES;
				CLANG_WARN_DIRECT_OBJC_ISA_USAGE = YES_ERROR;
				CLANG_WARN_EMPTY_BODY = YES;
				CLANG_WARN_ENUM_CONVERSION = YES;
				CLANG_WARN_INT_CONVERSION = YES;
				CLANG_WARN_OBJC_ROOT_CLASS = YES_ERROR;
				CLANG_WARN_UNREACHABLE_CODE = YES;
				CLANG_WARN__DUPLICATE_METHOD_MATCH = YES;
				"CODE_SIGN_IDENTITY[sdk=iphoneos*]" = "iPhone Developer";
				COPY_PHASE_STRIP = NO;
				DEBUG_INFORMATION_FORMAT = "dwarf-with-dsym";
				ENABLE_NS_ASSERTIONS = NO;
				ENABLE_STRICT_OBJC_MSGSEND = YES;
				GCC_C_LANGUAGE_STANDARD = gnu99;
				GCC_NO_COMMON_BLOCKS = YES;
				GCC_WARN_64_TO_32_BIT_CONVERSION = YES;
				GCC_WARN_ABOUT_RETURN_TYPE = YES_ERROR;
				GCC_WARN_UNDECLARED_SELECTOR = YES;
				GCC_WARN_UNINITIALIZED_AUTOS = YES_AGGRESSIVE;
				GCC_WARN_UNUSED_FUNCTION = YES;
				GCC_WARN_UNUSED_VARIABLE = YES;
				IPHONEOS_DEPLOYMENT_TARGET = 9.3;
				MTL_ENABLE_DEBUG_INFO = NO;
				SDKROOT = iphoneos;
				TARGETED_DEVICE_FAMILY = "1,2";
				VALIDATE_PRODUCT = YES;
			};
			name = Release;
		};
		18CE93081CA6EDB2009BEA95 /* Debug */ = {
			isa = XCBuildConfiguration;
			buildSettings = {
				ASSETCATALOG_COMPILER_APPICON_NAME = AppIcon;
				INFOPLIST_FILE = PitchPerfect/Info.plist;
				LD_RUNPATH_SEARCH_PATHS = "$(inherited) @executable_path/Frameworks";
				PRODUCT_BUNDLE_IDENTIFIER = udacity.PitchPerfect;
				PRODUCT_NAME = "$(TARGET_NAME)";
			};
			name = Debug;
		};
		18CE93091CA6EDB2009BEA95 /* Release */ = {
			isa = XCBuildConfiguration;
			buildSettings = {
				ASSETCATALOG_COMPILER_APPICON_NAME = AppIcon;
				INFOPLIST_FILE = PitchPerfect/Info.plist;
				LD_RUNPATH_SEARCH_PATHS = "$(inherited) @executable_path/Frameworks";
				PRODUCT_BUNDLE_IDENTIFIER = udacity.PitchPerfect;
				PRODUCT_NAME = "$(TARGET_NAME)";
			};
			name = Release;
		};
		18CE930B1CA6EDB2009BEA95 /* Debug */ = {
			isa = XCBuildConfiguration;
			buildSettings = {
				BUNDLE_LOADER = "$(TEST_HOST)";
				INFOPLIST_FILE = PitchPerfectTests/Info.plist;
				LD_RUNPATH_SEARCH_PATHS = "$(inherited) @executable_path/Frameworks @loader_path/Frameworks";
				PRODUCT_BUNDLE_IDENTIFIER = udacity.PitchPerfectTests;
				PRODUCT_NAME = "$(TARGET_NAME)";
				TEST_HOST = "$(BUILT_PRODUCTS_DIR)/PitchPerfect.app/PitchPerfect";
			};
			name = Debug;
		};
		18CE930C1CA6EDB2009BEA95 /* Release */ = {
			isa = XCBuildConfiguration;
			buildSettings = {
				BUNDLE_LOADER = "$(TEST_HOST)";
				INFOPLIST_FILE = PitchPerfectTests/Info.plist;
				LD_RUNPATH_SEARCH_PATHS = "$(inherited) @executable_path/Frameworks @loader_path/Frameworks";
				PRODUCT_BUNDLE_IDENTIFIER = udacity.PitchPerfectTests;
				PRODUCT_NAME = "$(TARGET_NAME)";
				TEST_HOST = "$(BUILT_PRODUCTS_DIR)/PitchPerfect.app/PitchPerfect";
			};
			name = Release;
		};
		18CE930E1CA6EDB2009BEA95 /* Debug */ = {
			isa = XCBuildConfiguration;
			buildSettings = {
				INFOPLIST_FILE = PitchPerfectUITests/Info.plist;
				LD_RUNPATH_SEARCH_PATHS = "$(inherited) @executable_path/Frameworks @loader_path/Frameworks";
				PRODUCT_BUNDLE_IDENTIFIER = udacity.PitchPerfectUITests;
				PRODUCT_NAME = "$(TARGET_NAME)";
				TEST_TARGET_NAME = PitchPerfect;
			};
			name = Debug;
		};
		18CE930F1CA6EDB2009BEA95 /* Release */ = {
			isa = XCBuildConfiguration;
			buildSettings = {
				INFOPLIST_FILE = PitchPerfectUITests/Info.plist;
				LD_RUNPATH_SEARCH_PATHS = "$(inherited) @executable_path/Frameworks @loader_path/Frameworks";
				PRODUCT_BUNDLE_IDENTIFIER = udacity.PitchPerfectUITests;
				PRODUCT_NAME = "$(TARGET_NAME)";
				TEST_TARGET_NAME = PitchPerfect;
			};
			name = Release;
		};
/* End XCBuildConfiguration section */

/* Begin XCConfigurationList section */
		18CE92DA1CA6EDB2009BEA95 /* Build configuration list for PBXProject "PitchPerfect" */ = {
			isa = XCConfigurationList;
			buildConfigurations = (
				18CE93051CA6EDB2009BEA95 /* Debug */,
				18CE93061CA6EDB2009BEA95 /* Release */,
			);
			defaultConfigurationIsVisible = 0;
			defaultConfigurationName = Release;
		};
		18CE93071CA6EDB2009BEA95 /* Build configuration list for PBXNativeTarget "PitchPerfect" */ = {
			isa = XCConfigurationList;
			buildConfigurations = (
				18CE93081CA6EDB2009BEA95 /* Debug */,
				18CE93091CA6EDB2009BEA95 /* Release */,
			);
			defaultConfigurationIsVisible = 0;
		};
		18CE930A1CA6EDB2009BEA95 /* Build configuration list for PBXNativeTarget "PitchPerfectTests" */ = {
			isa = XCConfigurationList;
			buildConfigurations = (
				18CE930B1CA6EDB2009BEA95 /* Debug */,
				18CE930C1CA6EDB2009BEA95 /* Release */,
			);
			defaultConfigurationIsVisible = 0;
		};
		18CE930D1CA6EDB2009BEA95 /* Build configuration list for PBXNativeTarget "PitchPerfectUITests" */ = {
			isa = XCConfigurationList;
			buildConfigurations = (
				18CE930E1CA6EDB2009BEA95 /* Debug */,
				18CE930F1CA6EDB2009BEA95 /* Release */,
			);
			defaultConfigurationIsVisible = 0;
		};
/* End XCConfigurationList section */
	};
	rootObject = 18CE92D71CA6EDB2009BEA95 /* Project object */;
}
